<?xml version="1.0" encoding="utf-8"?>
<Project ToolsVersion="4.0" xmlns="http://schemas.microsoft.com/developer/msbuild/2003">
  <ItemGroup>
    <Filter Include="Source Files">
      <UniqueIdentifier>{4FC737F1-C7A5-4376-A066-2A32D752A2FF}</UniqueIdentifier>
      <Extensions>cpp;c;cc;cxx;def;odl;idl;hpj;bat;asm;asmx</Extensions>
    </Filter>
    <Filter Include="Header Files">
      <UniqueIdentifier>{93995380-89BD-4b04-88EB-625FBE52EBFB}</UniqueIdentifier>
      <Extensions>h;hh;hpp;hxx;hm;inl;inc;ipp;xsd</Extensions>
    </Filter>
    <Filter Include="Resource Files">
      <UniqueIdentifier>{67DA6AB6-F800-4c08-8B7A-83BB121AAD01}</UniqueIdentifier>
      <Extensions>rc;ico;cur;bmp;dlg;rc2;rct;bin;rgs;gif;jpg;jpeg;jpe;resx;tiff;tif;png;wav;mfcribbon-ms</Extensions>
    </Filter>
  </ItemGroup>
  <ItemGroup>
    <ClCompile Include="Stopwatch.cpp">
      <Filter>Source Files</Filter>
    </ClCompile>
    <ClCompile Include="MonteCarlo.cpp">
      <Filter>Source Files</Filter>
    </ClCompile>
    <ClCompile Include="OptionData.cpp">
      <Filter>Source Files</Filter>
    </ClCompile>
    <ClCompile Include="SDE.cpp">
      <Filter>Source Files</Filter>
    </ClCompile>
    <ClCompile Include="FairValue.cpp">
      <Filter>Source Files</Filter>
    </ClCompile>
    <ClCompile Include="DataProcessing.cpp">
      <Filter>Source Files</Filter>
    </ClCompile>
    <ClCompile Include="RNG.cpp">
      <Filter>Source Files</Filter>
    </ClCompile>
    <ClCompile Include="FDM.cpp">
      <Filter>Source Files</Filter>
    </ClCompile>
    <ClCompile Include="Test_measurements.cpp">
      <Filter>Source Files</Filter>
    </ClCompile>
    <ClCompile Include="Test_plot.cpp">
      <Filter>Source Files</Filter>
    </ClCompile>
    <ClCompile Include="Test_accuracy.cpp">
      <Filter>Source Files</Filter>
    </ClCompile>
    <ClCompile Include="test_test.cpp">
      <Filter>Source Files</Filter>
    </ClCompile>
  </ItemGroup>
  <ItemGroup>
    <ClInclude Include="Stopwatch.hpp">
      <Filter>Header Files</Filter>
    </ClInclude>
    <ClInclude Include="OptionData.hpp">
      <Filter>Header Files</Filter>
    </ClInclude>
    <ClInclude Include="MonteCarlo.hpp">
      <Filter>Header Files</Filter>
    </ClInclude>
    <ClInclude Include="SDE.hpp">
      <Filter>Header Files</Filter>
    </ClInclude>
    <ClInclude Include="OptionCommand.hpp">
      <Filter>Header Files</Filter>
    </ClInclude>
    <ClInclude Include="FairValue.hpp">
      <Filter>Header Files</Filter>
    </ClInclude>
    <ClInclude Include="DataProcessing.hpp">
      <Filter>Header Files</Filter>
    </ClInclude>
    <ClInclude Include="RNG.hpp">
      <Filter>Header Files</Filter>
    </ClInclude>
    <ClInclude Include="FDM.hpp">
      <Filter>Header Files</Filter>
    </ClInclude>
  </ItemGroup>
</Project>